
Microsoft Visual Studio Solution File, Format Version 12.00
# Visual Studio Version 17
VisualStudioVersion = 17.9.34728.123
MinimumVisualStudioVersion = 10.0.40219.1
Project("{FAE04EC0-301F-11D3-BF4B-00C04F79EFBC}") = "WebApplication1", "WebApplication1\WebApplication1.csproj", "{81CC54AD-7B0C-4A9F-870F-B049D8B25E5E}"
EndProject
Global
	GlobalSection(SolutionConfigurationPlatforms) = preSolution
		Debug|Any CPU = Debug|Any CPU
		Release|Any CPU = Release|Any CPU
	EndGlobalSection
	GlobalSection(ProjectConfigurationPlatforms) = postSolution
		{81CC54AD-7B0C-4A9F-870F-B049D8B25E5E}.Debug|Any CPU.ActiveCfg = Debug|Any CPU
		{81CC54AD-7B0C-4A9F-870F-B049D8B25E5E}.Debug|Any CPU.Build.0 = Debug|Any CPU
		{81CC54AD-7B0C-4A9F-870F-B049D8B25E5E}.Release|Any CPU.ActiveCfg = Release|Any CPU
		{81CC54AD-7B0C-4A9F-870F-B049D8B25E5E}.Release|Any CPU.Build.0 = Release|Any CPU
	EndGlobalSection
	GlobalSection(SolutionProperties) = preSolution
		HideSolutionNode = FALSE
	EndGlobalSection
	GlobalSection(ExtensibilityGlobals) = postSolution
		SolutionGuid = {AF037E0B-9446-4B68-9759-EEE5C3809D5B}
	EndGlobalSection
EndGlobal
